
Microsoft Visual Studio Solution File, Format Version 12.00
# Visual Studio Version 17
VisualStudioVersion = 17.5.33502.453
MinimumVisualStudioVersion = 10.0.40219.1
Project("{FAE04EC0-301F-11D3-BF4B-00C04F79EFBC}") = "TipCalc.Droid", "TipCalc.Droid\TipCalc.Droid.csproj", "{7200BEE1-8C44-46DD-AC56-20B8DCBD5274}"
EndProject
Project("{FAE04EC0-301F-11D3-BF4B-00C04F79EFBC}") = "TipCalc.Core", "TipCalc.Core\TipCalc.Core.csproj", "{88DCDF23-9685-4308-8EFC-C17CA0352C42}"
EndProject
Global
	GlobalSection(SolutionConfigurationPlatforms) = preSolution
		Debug|Any CPU = Debug|Any CPU
		Release|Any CPU = Release|Any CPU
	EndGlobalSection
	GlobalSection(ProjectConfigurationPlatforms) = postSolution
		{7200BEE1-8C44-46DD-AC56-20B8DCBD5274}.Debug|Any CPU.ActiveCfg = Debug|Any CPU
		{7200BEE1-8C44-46DD-AC56-20B8DCBD5274}.Debug|Any CPU.Build.0 = Debug|Any CPU
		{7200BEE1-8C44-46DD-AC56-20B8DCBD5274}.Debug|Any CPU.Deploy.0 = Debug|Any CPU
		{7200BEE1-8C44-46DD-AC56-20B8DCBD5274}.Release|Any CPU.ActiveCfg = Release|Any CPU
		{7200BEE1-8C44-46DD-AC56-20B8DCBD5274}.Release|Any CPU.Build.0 = Release|Any CPU
		{7200BEE1-8C44-46DD-AC56-20B8DCBD5274}.Release|Any CPU.Deploy.0 = Release|Any CPU
		{88DCDF23-9685-4308-8EFC-C17CA0352C42}.Debug|Any CPU.ActiveCfg = Debug|Any CPU
		{88DCDF23-9685-4308-8EFC-C17CA0352C42}.Debug|Any CPU.Build.0 = Debug|Any CPU
		{88DCDF23-9685-4308-8EFC-C17CA0352C42}.Release|Any CPU.ActiveCfg = Release|Any CPU
		{88DCDF23-9685-4308-8EFC-C17CA0352C42}.Release|Any CPU.Build.0 = Release|Any CPU
	EndGlobalSection
	GlobalSection(SolutionProperties) = preSolution
		HideSolutionNode = FALSE
	EndGlobalSection
	GlobalSection(ExtensibilityGlobals) = postSolution
		SolutionGuid = {68647358-9F78-49EF-97CC-73A86FF2201F}
	EndGlobalSection
EndGlobal
